
Microsoft Visual Studio Solution File, Format Version 12.00
# Visual Studio 2013
VisualStudioVersion = 12.0.31101.0
MinimumVisualStudioVersion = 10.0.40219.1
Project("{FAE04EC0-301F-11D3-BF4B-00C04F79EFBC}") = "0625_dairu3", "0625_dairu3\0625_dairu3.csproj", "{FDB2E0CF-27FE-41C4-9771-A4D213569C76}"
EndProject
Global
	GlobalSection(SolutionConfigurationPlatforms) = preSolution
		Debug|Any CPU = Debug|Any CPU
		Release|Any CPU = Release|Any CPU
	EndGlobalSection
	GlobalSection(ProjectConfigurationPlatforms) = postSolution
		{FDB2E0CF-27FE-41C4-9771-A4D213569C76}.Debug|Any CPU.ActiveCfg = Debug|Any CPU
		{FDB2E0CF-27FE-41C4-9771-A4D213569C76}.Debug|Any CPU.Build.0 = Debug|Any CPU
		{FDB2E0CF-27FE-41C4-9771-A4D213569C76}.Release|Any CPU.ActiveCfg = Release|Any CPU
		{FDB2E0CF-27FE-41C4-9771-A4D213569C76}.Release|Any CPU.Build.0 = Release|Any CPU
	EndGlobalSection
	GlobalSection(SolutionProperties) = preSolution
		HideSolutionNode = FALSE
	EndGlobalSection
EndGlobal
